
Microsoft Visual Studio Solution File, Format Version 12.00
# Visual Studio Version 17
VisualStudioVersion = 17.14.36623.8 d17.14
MinimumVisualStudioVersion = 10.0.40219.1
Project("{FAE04EC0-301F-11D3-BF4B-00C04F79EFBC}") = "seguimiento_de_tareas_de_proyectos_MVC", "seguimiento_de_tareas_de_proyectos_MVC.csproj", "{7D09AF4E-3529-4EEB-95E3-A3E7F73A0175}"
EndProject
Global
	GlobalSection(SolutionConfigurationPlatforms) = preSolution
		Debug|Any CPU = Debug|Any CPU
		Release|Any CPU = Release|Any CPU
	EndGlobalSection
	GlobalSection(ProjectConfigurationPlatforms) = postSolution
		{7D09AF4E-3529-4EEB-95E3-A3E7F73A0175}.Debug|Any CPU.ActiveCfg = Debug|Any CPU
		{7D09AF4E-3529-4EEB-95E3-A3E7F73A0175}.Debug|Any CPU.Build.0 = Debug|Any CPU
		{7D09AF4E-3529-4EEB-95E3-A3E7F73A0175}.Release|Any CPU.ActiveCfg = Release|Any CPU
		{7D09AF4E-3529-4EEB-95E3-A3E7F73A0175}.Release|Any CPU.Build.0 = Release|Any CPU
	EndGlobalSection
	GlobalSection(SolutionProperties) = preSolution
		HideSolutionNode = FALSE
	EndGlobalSection
	GlobalSection(ExtensibilityGlobals) = postSolution
		SolutionGuid = {3BAC16BA-8C86-424A-9CAD-5BF337F15D81}
	EndGlobalSection
EndGlobal
